
Microsoft Visual Studio Solution File, Format Version 12.00
# Visual Studio Version 16
VisualStudioVersion = 16.0.32413.511
MinimumVisualStudioVersion = 10.0.40219.1
Project("{FAE04EC0-301F-11D3-BF4B-00C04F79EFBC}") = "InstaPlus", "InstaPlus\InstaPlus.csproj", "{F1339664-8298-4887-BD08-3262248AE2A8}"
EndProject
Project("{FAE04EC0-301F-11D3-BF4B-00C04F79EFBC}") = "Klasy", "Klasy\Klasy.csproj", "{EB2FE4C6-F307-42B9-BB99-8057007D37A1}"
EndProject
Global
	GlobalSection(SolutionConfigurationPlatforms) = preSolution
		Debug|Any CPU = Debug|Any CPU
		Release|Any CPU = Release|Any CPU
	EndGlobalSection
	GlobalSection(ProjectConfigurationPlatforms) = postSolution
		{F1339664-8298-4887-BD08-3262248AE2A8}.Debug|Any CPU.ActiveCfg = Debug|Any CPU
		{F1339664-8298-4887-BD08-3262248AE2A8}.Debug|Any CPU.Build.0 = Debug|Any CPU
		{F1339664-8298-4887-BD08-3262248AE2A8}.Release|Any CPU.ActiveCfg = Release|Any CPU
		{F1339664-8298-4887-BD08-3262248AE2A8}.Release|Any CPU.Build.0 = Release|Any CPU
		{EB2FE4C6-F307-42B9-BB99-8057007D37A1}.Debug|Any CPU.ActiveCfg = Debug|Any CPU
		{EB2FE4C6-F307-42B9-BB99-8057007D37A1}.Debug|Any CPU.Build.0 = Debug|Any CPU
		{EB2FE4C6-F307-42B9-BB99-8057007D37A1}.Release|Any CPU.ActiveCfg = Release|Any CPU
		{EB2FE4C6-F307-42B9-BB99-8057007D37A1}.Release|Any CPU.Build.0 = Release|Any CPU
	EndGlobalSection
	GlobalSection(SolutionProperties) = preSolution
		HideSolutionNode = FALSE
	EndGlobalSection
	GlobalSection(ExtensibilityGlobals) = postSolution
		SolutionGuid = {9EACA9A6-7FF5-4F15-A68D-4100D965AD5F}
	EndGlobalSection
EndGlobal
